{
  "pins" : [
    {
      "identity" : "bignumgmp",
      "kind" : "remoteSourceControl",
      "location" : "https://github.com/wcappel/BignumGMP",
      "state" : {
        "branch" : "master",
        "revision" : "5122c0d6f747bc5b5948a02d509450c3b71ce483"
      }
    },
    {
      "identity" : "swift-collections",
      "kind" : "remoteSourceControl",
      "location" : "https://github.com/apple/swift-collections.git",
      "state" : {
        "revision" : "a902f1823a7ff3c9ab2fba0f992396b948eda307",
        "version" : "1.0.5"
      }
    }
  ],
  "version" : 2
}
